
Microsoft Visual Studio Solution File, Format Version 12.00
# Visual Studio Version 16
VisualStudioVersion = 16.0.30711.63
MinimumVisualStudioVersion = 10.0.40219.1
Project("{FAE04EC0-301F-11D3-BF4B-00C04F79EFBC}") = "ASE_Assessment", "ASE_Assessment.csproj", "{72BBDA31-3AED-4866-8D7E-081CF47F28C0}"
EndProject
Project("{FAE04EC0-301F-11D3-BF4B-00C04F79EFBC}") = "Form1Test", "..\Form1Test\Form1Test.csproj", "{F5689E6E-E79C-4554-AE29-14FE880FEE50}"
EndProject
Project("{FAE04EC0-301F-11D3-BF4B-00C04F79EFBC}") = "TestCanvass", "..\TestCanvass\TestCanvass.csproj", "{91D022B7-7ABC-4015-A08D-DC5AF794AF95}"
EndProject
Global
	GlobalSection(SolutionConfigurationPlatforms) = preSolution
		Debug|Any CPU = Debug|Any CPU
		Release|Any CPU = Release|Any CPU
	EndGlobalSection
	GlobalSection(ProjectConfigurationPlatforms) = postSolution
		{72BBDA31-3AED-4866-8D7E-081CF47F28C0}.Debug|Any CPU.ActiveCfg = Debug|Any CPU
		{72BBDA31-3AED-4866-8D7E-081CF47F28C0}.Debug|Any CPU.Build.0 = Debug|Any CPU
		{72BBDA31-3AED-4866-8D7E-081CF47F28C0}.Release|Any CPU.ActiveCfg = Release|Any CPU
		{72BBDA31-3AED-4866-8D7E-081CF47F28C0}.Release|Any CPU.Build.0 = Release|Any CPU
		{F5689E6E-E79C-4554-AE29-14FE880FEE50}.Debug|Any CPU.ActiveCfg = Debug|Any CPU
		{F5689E6E-E79C-4554-AE29-14FE880FEE50}.Debug|Any CPU.Build.0 = Debug|Any CPU
		{F5689E6E-E79C-4554-AE29-14FE880FEE50}.Release|Any CPU.ActiveCfg = Release|Any CPU
		{F5689E6E-E79C-4554-AE29-14FE880FEE50}.Release|Any CPU.Build.0 = Release|Any CPU
		{91D022B7-7ABC-4015-A08D-DC5AF794AF95}.Debug|Any CPU.ActiveCfg = Debug|Any CPU
		{91D022B7-7ABC-4015-A08D-DC5AF794AF95}.Debug|Any CPU.Build.0 = Debug|Any CPU
		{91D022B7-7ABC-4015-A08D-DC5AF794AF95}.Release|Any CPU.ActiveCfg = Release|Any CPU
		{91D022B7-7ABC-4015-A08D-DC5AF794AF95}.Release|Any CPU.Build.0 = Release|Any CPU
	EndGlobalSection
	GlobalSection(SolutionProperties) = preSolution
		HideSolutionNode = FALSE
	EndGlobalSection
	GlobalSection(ExtensibilityGlobals) = postSolution
		SolutionGuid = {B87C4734-BA8F-4F48-9830-FCEBF5D028FC}
	EndGlobalSection
EndGlobal
